{
  "name": "trika",
  "version": "1.0.0",
  "lockfileVersion": 1,
  "requires": true,
  "dependencies": {
    "vue-slideout-panel": {
      "version": "3.0.0",
      "resolved": "https://registry.npmjs.org/vue-slideout-panel/-/vue-slideout-panel-3.0.0.tgz",
      "integrity": "sha1-pH4mHsjQrb2MFMbo/uqwB+10Yks="
    }
  }
}
